
Microsoft Visual Studio Solution File, Format Version 12.00
# Visual Studio Version 17
VisualStudioVersion = 17.3.32901.215
MinimumVisualStudioVersion = 10.0.40219.1
Project("{FAE04EC0-301F-11D3-BF4B-00C04F79EFBC}") = "Medical_store", "Medical_store\Medical_store.csproj", "{20488AC5-8DBD-4C40-9EDF-F24C5A3CB4A4}"
EndProject
Global
	GlobalSection(SolutionConfigurationPlatforms) = preSolution
		Debug|Any CPU = Debug|Any CPU
		Release|Any CPU = Release|Any CPU
	EndGlobalSection
	GlobalSection(ProjectConfigurationPlatforms) = postSolution
		{20488AC5-8DBD-4C40-9EDF-F24C5A3CB4A4}.Debug|Any CPU.ActiveCfg = Debug|Any CPU
		{20488AC5-8DBD-4C40-9EDF-F24C5A3CB4A4}.Debug|Any CPU.Build.0 = Debug|Any CPU
		{20488AC5-8DBD-4C40-9EDF-F24C5A3CB4A4}.Release|Any CPU.ActiveCfg = Release|Any CPU
		{20488AC5-8DBD-4C40-9EDF-F24C5A3CB4A4}.Release|Any CPU.Build.0 = Release|Any CPU
	EndGlobalSection
	GlobalSection(SolutionProperties) = preSolution
		HideSolutionNode = FALSE
	EndGlobalSection
	GlobalSection(ExtensibilityGlobals) = postSolution
		SolutionGuid = {85D9F46F-8926-480D-891F-CEA738345A5B}
	EndGlobalSection
EndGlobal
